dependencies:
  espressif/mdns:
    component_hash: 3ba256ac95e07c274be53cbd73f06cb846c403b61e8fbdf1be57bdb79db7a63e
    dependencies:
    - name: idf
      require: private
      version: '>=5.0'
    source:
      registry_url: https://components.espressif.com/
      type: service
    version: 1.12.0
  idf:
    source:
      type: idf
    version: 5.5.1
direct_dependencies:
- espressif/mdns
manifest_hash: 2b0a21acfeb0920c0a28cbcbb83d7ee8b4ff7f0b8fba73c7887466be463dbb91
target: esp32
version: 2.0.0
