dependencies:
  espressif/mdns:
    component_hash: 3ba256ac95e07c274be53cbd73f06cb846c403b61e8fbdf1be57bdb79db7a63e
    dependencies:
    - name: idf
      require: private
      version: '>=5.0'
    source:
      registry_url: https://components.espressif.com/
      type: service
    version: 1.12.0
  idf:
    source:
      type: idf
    version: 5.5.1
direct_dependencies:
- espressif/mdns
manifest_hash: e7902f2956d316fe86b4324461d520d989593cf4fc7d62ed87ff0368bbc14f81
target: esp32s3
version: 2.0.0
